// !$*UTF8*$!
{
	archiveVersion = 1;
	classes = {
	};
	objectVersion = 56;
	objects = {

/* Begin PBXBuildFile section */
		D0859F4D2BD07CB1005021F9 /* Justo_RMApp.swift in Sources */ = {isa = PBXBuildFile; fileRef = D0859F4C2BD07CB1005021F9 /* Justo_RMApp.swift */; };
		D0859F4F2BD07CB1005021F9 /* ContentView.swift in Sources */ = {isa = PBXBuildFile; fileRef = D0859F4E2BD07CB1005021F9 /* ContentView.swift */; };
		D0859F512BD07CB2005021F9 /* Assets.xcassets in Resources */ = {isa = PBXBuildFile; fileRef = D0859F502BD07CB2005021F9 /* Assets.xcassets */; };
		D0859F542BD07CB2005021F9 /* Preview Assets.xcassets in Resources */ = {isa = PBXBuildFile; fileRef = D0859F532BD07CB2005021F9 /* Preview Assets.xcassets */; };
		D08A7C182BD081F500EE4FD6 /* Model.swift in Sources */ = {isa = PBXBuildFile; fileRef = D08A7C172BD081F500EE4FD6 /* Model.swift */; };
		D08A7C1A2BD0837100EE4FD6 /* ApiClient.swift in Sources */ = {isa = PBXBuildFile; fileRef = D08A7C192BD0837100EE4FD6 /* ApiClient.swift */; };
		D0BC99D02BD09455006AB1CC /* JustoViewModel.swift in Sources */ = {isa = PBXBuildFile; fileRef = D0BC99CF2BD09455006AB1CC /* JustoViewModel.swift */; };
		D0BC99D22BD09471006AB1CC /* JustoView.swift in Sources */ = {isa = PBXBuildFile; fileRef = D0BC99D12BD09471006AB1CC /* JustoView.swift */; };
/* End PBXBuildFile section */

/* Begin PBXFileReference section */
		D0859F492BD07CB1005021F9 /* Justo RM.app */ = {isa = PBXFileReference; explicitFileType = wrapper.application; includeInIndex = 0; path = "Justo RM.app"; sourceTree = BUILT_PRODUCTS_DIR; };
		D0859F4C2BD07CB1005021F9 /* Justo_RMApp.swift */ = {isa = PBXFileReference; lastKnownFileType = sourcecode.swift; path = Justo_RMApp.swift; sourceTree = "<group>"; };
		D0859F4E2BD07CB1005021F9 /* ContentView.swift */ = {isa = PBXFileReference; lastKnownFileType = sourcecode.swift; path = ContentView.swift; sourceTree = "<group>"; };
		D0859F502BD07CB2005021F9 /* Assets.xcassets */ = {isa = PBXFileReference; lastKnownFileType = folder.assetcatalog; path = Assets.xcassets; sourceTree = "<group>"; };
		D0859F532BD07CB2005021F9 /* Preview Assets.xcassets */ = {isa = PBXFileReference; lastKnownFileType = folder.assetcatalog; path = "Preview Assets.xcassets"; sourceTree = "<group>"; };
		D08A7C172BD081F500EE4FD6 /* Model.swift */ = {isa = PBXFileReference; lastKnownFileType = sourcecode.swift; path = Model.swift; sourceTree = "<group>"; };
		D08A7C192BD0837100EE4FD6 /* ApiClient.swift */ = {isa = PBXFileReference; lastKnownFileType = sourcecode.swift; path = ApiClient.swift; sourceTree = "<group>"; };
		D0BC99CF2BD09455006AB1CC /* JustoViewModel.swift */ = {isa = PBXFileReference; lastKnownFileType = sourcecode.swift; path = JustoViewModel.swift; sourceTree = "<group>"; };
		D0BC99D12BD09471006AB1CC /* JustoView.swift */ = {isa = PBXFileReference; lastKnownFileType = sourcecode.swift; path = JustoView.swift; sourceTree = "<group>"; };
/* End PBXFileReference section */

/* Begin PBXFrameworksBuildPhase section */
		D0859F462BD07CB1005021F9 /* Frameworks */ = {
			isa = PBXFrameworksBuildPhase;
			buildActionMask = 2147483647;
			files = (
			);
			runOnlyForDeploymentPostprocessing = 0;
		};
/* End PBXFrameworksBuildPhase section */

/* Begin PBXGroup section */
		D0859F402BD07CB1005021F9 = {
			isa = PBXGroup;
			children = (
				D0859F4B2BD07CB1005021F9 /* Justo RM */,
				D0859F4A2BD07CB1005021F9 /* Products */,
			);
			sourceTree = "<group>";
		};
		D0859F4A2BD07CB1005021F9 /* Products */ = {
			isa = PBXGroup;
			children = (
				D0859F492BD07CB1005021F9 /* Justo RM.app */,
			);
			name = Products;
			sourceTree = "<group>";
		};
		D0859F4B2BD07CB1005021F9 /* Justo RM */ = {
			isa = PBXGroup;
			children = (
				D08A7C162BD0818800EE4FD6 /* Models */,
				D08A7C152BD0817200EE4FD6 /* Moduls */,
				D0859F5A2BD08062005021F9 /* Network */,
				D0859F4C2BD07CB1005021F9 /* Justo_RMApp.swift */,
				D0859F4E2BD07CB1005021F9 /* ContentView.swift */,
				D0859F502BD07CB2005021F9 /* Assets.xcassets */,
				D0859F522BD07CB2005021F9 /* Preview Content */,
			);
			path = "Justo RM";
			sourceTree = "<group>";
		};
		D0859F522BD07CB2005021F9 /* Preview Content */ = {
			isa = PBXGroup;
			children = (
				D0859F532BD07CB2005021F9 /* Preview Assets.xcassets */,
			);
			path = "Preview Content";
			sourceTree = "<group>";
		};
		D0859F5A2BD08062005021F9 /* Network */ = {
			isa = PBXGroup;
			children = (
				D08A7C192BD0837100EE4FD6 /* ApiClient.swift */,
			);
			path = Network;
			sourceTree = "<group>";
		};
		D08A7C152BD0817200EE4FD6 /* Moduls */ = {
			isa = PBXGroup;
			children = (
				D0BC99CF2BD09455006AB1CC /* JustoViewModel.swift */,
				D0BC99D12BD09471006AB1CC /* JustoView.swift */,
			);
			path = Moduls;
			sourceTree = "<group>";
		};
		D08A7C162BD0818800EE4FD6 /* Models */ = {
			isa = PBXGroup;
			children = (
				D08A7C172BD081F500EE4FD6 /* Model.swift */,
			);
			path = Models;
			sourceTree = "<group>";
		};
/* End PBXGroup section */

/* Begin PBXNativeTarget section */
		D0859F482BD07CB1005021F9 /* Justo RM */ = {
			isa = PBXNativeTarget;
			buildConfigurationList = D0859F572BD07CB2005021F9 /* Build configuration list for PBXNativeTarget "Justo RM" */;
			buildPhases = (
				D0859F452BD07CB1005021F9 /* Sources */,
				D0859F462BD07CB1005021F9 /* Frameworks */,
				D0859F472BD07CB1005021F9 /* Resources */,
			);
			buildRules = (
			);
			dependencies = (
			);
			name = "Justo RM";
			productName = "Justo RM";
			productReference = D0859F492BD07CB1005021F9 /* Justo RM.app */;
			productType = "com.apple.product-type.application";
		};
/* End PBXNativeTarget section */

/* Begin PBXProject section */
		D0859F412BD07CB1005021F9 /* Project object */ = {
			isa = PBXProject;
			attributes = {
				BuildIndependentTargetsInParallel = 1;
				LastSwiftUpdateCheck = 1530;
				LastUpgradeCheck = 1530;
				TargetAttributes = {
					D0859F482BD07CB1005021F9 = {
						CreatedOnToolsVersion = 15.3;
					};
				};
			};
			buildConfigurationList = D0859F442BD07CB1005021F9 /* Build configuration list for PBXProject "Justo RM" */;
			compatibilityVersion = "Xcode 14.0";
			developmentRegion = en;
			hasScannedForEncodings = 0;
			knownRegions = (
				en,
				Base,
			);
			mainGroup = D0859F402BD07CB1005021F9;
			productRefGroup = D0859F4A2BD07CB1005021F9 /* Products */;
			projectDirPath = "";
			projectRoot = "";
			targets = (
				D0859F482BD07CB1005021F9 /* Justo RM */,
			);
		};
/* End PBXProject section */

/* Begin PBXResourcesBuildPhase section */
		D0859F472BD07CB1005021F9 /* Resources */ = {
			isa = PBXResourcesBuildPhase;
			buildActionMask = 2147483647;
			files = (
				D0859F542BD07CB2005021F9 /* Preview Assets.xcassets in Resources */,
				D0859F512BD07CB2005021F9 /* Assets.xcassets in Resources */,
			);
			runOnlyForDeploymentPostprocessing = 0;
		};
/* End PBXResourcesBuildPhase section */

/* Begin PBXSourcesBuildPhase section */
		D0859F452BD07CB1005021F9 /* Sources */ = {
			isa = PBXSourcesBuildPhase;
			buildActionMask = 2147483647;
			files = (
				D0BC99D22BD09471006AB1CC /* JustoView.swift in Sources */,
				D08A7C182BD081F500EE4FD6 /* Model.swift in Sources */,
				D0859F4F2BD07CB1005021F9 /* ContentView.swift in Sources */,
				D0859F4D2BD07CB1005021F9 /* Justo_RMApp.swift in Sources */,
				D08A7C1A2BD0837100EE4FD6 /* ApiClient.swift in Sources */,
				D0BC99D02BD09455006AB1CC /* JustoViewModel.swift in Sources */,
			);
			runOnlyForDeploymentPostprocessing = 0;
		};
/* End PBXSourcesBuildPhase section */

/* Begin XCBuildConfiguration section */
		D0859F552BD07CB2005021F9 /* Debug */ = {
			isa = XCBuildConfiguration;
			buildSettings = {
				ALWAYS_SEARCH_USER_PATHS = NO;
				ASSETCATALOG_COMPILER_GENERATE_SWIFT_ASSET_SYMBOL_EXTENSIONS = YES;
				CLANG_ANALYZER_NONNULL = YES;
				CLANG_ANALYZER_NUMBER_OBJECT_CONVERSION = YES_AGGRESSIVE;
				CLANG_CXX_LANGUAGE_STANDARD = "gnu++20";
				CLANG_ENABLE_MODULES = YES;
				CLANG_ENABLE_OBJC_ARC = YES;
				CLANG_ENABLE_OBJC_WEAK = YES;
				CLANG_WARN_BLOCK_CAPTURE_AUTORELEASING = YES;
				CLANG_WARN_BOOL_CONVERSION = YES;
				CLANG_WARN_COMMA = YES;
				CLANG_WARN_CONSTANT_CONVERSION = YES;
				CLANG_WARN_DEPRECATED_OBJC_IMPLEMENTATIONS = YES;
				CLANG_WARN_DIRECT_OBJC_ISA_USAGE = YES_ERROR;
				CLANG_WARN_DOCUMENTATION_COMMENTS = YES;
				CLANG_WARN_EMPTY_BODY = YES;
				CLANG_WARN_ENUM_CONVERSION = YES;
				CLANG_WARN_INFINITE_RECURSION = YES;
				CLANG_WARN_INT_CONVERSION = YES;
				CLANG_WARN_NON_LITERAL_NULL_CONVERSION = YES;
				CLANG_WARN_OBJC_IMPLICIT_RETAIN_SELF = YES;
				CLANG_WARN_OBJC_LITERAL_CONVERSION = YES;
				CLANG_WARN_OBJC_ROOT_CLASS = YES_ERROR;
				CLANG_WARN_QUOTED_INCLUDE_IN_FRAMEWORK_HEADER = YES;
				CLANG_WARN_RANGE_LOOP_ANALYSIS = YES;
				CLANG_WARN_STRICT_PROTOTYPES = YES;
				CLANG_WARN_SUSPICIOUS_MOVE = YES;
				CLANG_WARN_UNGUARDED_AVAILABILITY = YES_AGGRESSIVE;
				CLANG_WARN_UNREACHABLE_CODE = YES;
				CLANG_WARN__DUPLICATE_METHOD_MATCH = YES;
				COPY_PHASE_STRIP = NO;
				DEBUG_INFORMATION_FORMAT = dwarf;
				ENABLE_STRICT_OBJC_MSGSEND = YES;
				ENABLE_TESTABILITY = YES;
				ENABLE_USER_SCRIPT_SANDBOXING = YES;
				GCC_C_LANGUAGE_STANDARD = gnu17;
				GCC_DYNAMIC_NO_PIC = NO;
				GCC_NO_COMMON_BLOCKS = YES;
				GCC_OPTIMIZATION_LEVEL = 0;
				GCC_PREPROCESSOR_DEFINITIONS = (
					"DEBUG=1",
					"$(inherited)",
				);
				GCC_WARN_64_TO_32_BIT_CONVERSION = YES;
				GCC_WARN_ABOUT_RETURN_TYPE = YES_ERROR;
				GCC_WARN_UNDECLARED_SELECTOR = YES;
				GCC_WARN_UNINITIALIZED_AUTOS = YES_AGGRESSIVE;
				GCC_WARN_UNUSED_FUNCTION = YES;
				GCC_WARN_UNUSED_VARIABLE = YES;
				IPHONEOS_DEPLOYMENT_TARGET = 17.4;
				LOCALIZATION_PREFERS_STRING_CATALOGS = YES;
				MTL_ENABLE_DEBUG_INFO = INCLUDE_SOURCE;
				MTL_FAST_MATH = YES;
				ONLY_ACTIVE_ARCH = YES;
				SDKROOT = iphoneos;
				SWIFT_ACTIVE_COMPILATION_CONDITIONS = "DEBUG $(inherited)";
				SWIFT_OPTIMIZATION_LEVEL = "-Onone";
			};
			name = Debug;
		};
		D0859F562BD07CB2005021F9 /* Release */ = {
			isa = XCBuildConfiguration;
			buildSettings = {
				ALWAYS_SEARCH_USER_PATHS = NO;
				ASSETCATALOG_COMPILER_GENERATE_SWIFT_ASSET_SYMBOL_EXTENSIONS = YES;
				CLANG_ANALYZER_NONNULL = YES;
				CLANG_ANALYZER_NUMBER_OBJECT_CONVERSION = YES_AGGRESSIVE;
				CLANG_CXX_LANGUAGE_STANDARD = "gnu++20";
				CLANG_ENABLE_MODULES = YES;
				CLANG_ENABLE_OBJC_ARC = YES;
				CLANG_ENABLE_OBJC_WEAK = YES;
				CLANG_WARN_BLOCK_CAPTURE_AUTORELEASING = YES;
				CLANG_WARN_BOOL_CONVERSION = YES;
				CLANG_WARN_COMMA = YES;
				CLANG_WARN_CONSTANT_CONVERSION = YES;
				CLANG_WARN_DEPRECATED_OBJC_IMPLEMENTATIONS = YES;
				CLANG_WARN_DIRECT_OBJC_ISA_USAGE = YES_ERROR;
				CLANG_WARN_DOCUMENTATION_COMMENTS = YES;
				CLANG_WARN_EMPTY_BODY = YES;
				CLANG_WARN_ENUM_CONVERSION = YES;
				CLANG_WARN_INFINITE_RECURSION = YES;
				CLANG_WARN_INT_CONVERSION = YES;
				CLANG_WARN_NON_LITERAL_NULL_CONVERSION = YES;
				CLANG_WARN_OBJC_IMPLICIT_RETAIN_SELF = YES;
				CLANG_WARN_OBJC_LITERAL_CONVERSION = YES;
				CLANG_WARN_OBJC_ROOT_CLASS = YES_ERROR;
				CLANG_WARN_QUOTED_INCLUDE_IN_FRAMEWORK_HEADER = YES;
				CLANG_WARN_RANGE_LOOP_ANALYSIS = YES;
				CLANG_WARN_STRICT_PROTOTYPES = YES;
				CLANG_WARN_SUSPICIOUS_MOVE = YES;
				CLANG_WARN_UNGUARDED_AVAILABILITY = YES_AGGRESSIVE;
				CLANG_WARN_UNREACHABLE_CODE = YES;
				CLANG_WARN__DUPLICATE_METHOD_MATCH = YES;
				COPY_PHASE_STRIP = NO;
				DEBUG_INFORMATION_FORMAT = "dwarf-with-dsym";
				ENABLE_NS_ASSERTIONS = NO;
				ENABLE_STRICT_OBJC_MSGSEND = YES;
				ENABLE_USER_SCRIPT_SANDBOXING = YES;
				GCC_C_LANGUAGE_STANDARD = gnu17;
				GCC_NO_COMMON_BLOCKS = YES;
				GCC_WARN_64_TO_32_BIT_CONVERSION = YES;
				GCC_WARN_ABOUT_RETURN_TYPE = YES_ERROR;
				GCC_WARN_UNDECLARED_SELECTOR = YES;
				GCC_WARN_UNINITIALIZED_AUTOS = YES_AGGRESSIVE;
				GCC_WARN_UNUSED_FUNCTION = YES;
				GCC_WARN_UNUSED_VARIABLE = YES;
				IPHONEOS_DEPLOYMENT_TARGET = 17.4;
				LOCALIZATION_PREFERS_STRING_CATALOGS = YES;
				MTL_ENABLE_DEBUG_INFO = NO;
				MTL_FAST_MATH = YES;
				SDKROOT = iphoneos;
				SWIFT_COMPILATION_MODE = wholemodule;
				VALIDATE_PRODUCT = YES;
			};
			name = Release;
		};
		D0859F582BD07CB2005021F9 /* Debug */ = {
			isa = XCBuildConfiguration;
			buildSettings = {
				ASSETCATALOG_COMPILER_APPICON_NAME = AppIcon;
				ASSETCATALOG_COMPILER_GLOBAL_ACCENT_COLOR_NAME = AccentColor;
				CODE_SIGN_STYLE = Automatic;
				CURRENT_PROJECT_VERSION = 1;
				DEVELOPMENT_ASSET_PATHS = "\"Justo RM/Preview Content\"";
				DEVELOPMENT_TEAM = T7283TTLGQ;
				ENABLE_PREVIEWS = YES;
				GENERATE_INFOPLIST_FILE = YES;
				INFOPLIST_KEY_UIApplicationSceneManifest_Generation = YES;
				INFOPLIST_KEY_UIApplicationSupportsIndirectInputEvents = YES;
				INFOPLIST_KEY_UILaunchScreen_Generation = YES;
				INFOPLIST_KEY_UISupportedInterfaceOrientations_iPad = "UIInterfaceOrientationPortrait UIInterfaceOrientationPortraitUpsideDown UIInterfaceOrientationLandscapeLeft UIInterfaceOrientationLandscapeRight";
				INFOPLIST_KEY_UISupportedInterfaceOrientations_iPhone = "UIInterfaceOrientationPortrait UIInterfaceOrientationLandscapeLeft UIInterfaceOrientationLandscapeRight";
				LD_RUNPATH_SEARCH_PATHS = (
					"$(inherited)",
					"@executable_path/Frameworks",
				);
				MARKETING_VERSION = 1.0;
				PRODUCT_BUNDLE_IDENTIFIER = "com.ricardoherrera.Justo-RM";
				PRODUCT_NAME = "$(TARGET_NAME)";
				SWIFT_EMIT_LOC_STRINGS = YES;
				SWIFT_VERSION = 5.0;
				TARGETED_DEVICE_FAMILY = "1,2";
			};
			name = Debug;
		};
		D0859F592BD07CB2005021F9 /* Release */ = {
			isa = XCBuildConfiguration;
			buildSettings = {
				ASSETCATALOG_COMPILER_APPICON_NAME = AppIcon;
				ASSETCATALOG_COMPILER_GLOBAL_ACCENT_COLOR_NAME = AccentColor;
				CODE_SIGN_STYLE = Automatic;
				CURRENT_PROJECT_VERSION = 1;
				DEVELOPMENT_ASSET_PATHS = "\"Justo RM/Preview Content\"";
				DEVELOPMENT_TEAM = T7283TTLGQ;
				ENABLE_PREVIEWS = YES;
				GENERATE_INFOPLIST_FILE = YES;
				INFOPLIST_KEY_UIApplicationSceneManifest_Generation = YES;
				INFOPLIST_KEY_UIApplicationSupportsIndirectInputEvents = YES;
				INFOPLIST_KEY_UILaunchScreen_Generation = YES;
				INFOPLIST_KEY_UISupportedInterfaceOrientations_iPad = "UIInterfaceOrientationPortrait UIInterfaceOrientationPortraitUpsideDown UIInterfaceOrientationLandscapeLeft UIInterfaceOrientationLandscapeRight";
				INFOPLIST_KEY_UISupportedInterfaceOrientations_iPhone = "UIInterfaceOrientationPortrait UIInterfaceOrientationLandscapeLeft UIInterfaceOrientationLandscapeRight";
				LD_RUNPATH_SEARCH_PATHS = (
					"$(inherited)",
					"@executable_path/Frameworks",
				);
				MARKETING_VERSION = 1.0;
				PRODUCT_BUNDLE_IDENTIFIER = "com.ricardoherrera.Justo-RM";
				PRODUCT_NAME = "$(TARGET_NAME)";
				SWIFT_EMIT_LOC_STRINGS = YES;
				SWIFT_VERSION = 5.0;
				TARGETED_DEVICE_FAMILY = "1,2";
			};
			name = Release;
		};
/* End XCBuildConfiguration section */

/* Begin XCConfigurationList section */
		D0859F442BD07CB1005021F9 /* Build configuration list for PBXProject "Justo RM" */ = {
			isa = XCConfigurationList;
			buildConfigurations = (
				D0859F552BD07CB2005021F9 /* Debug */,
				D0859F562BD07CB2005021F9 /* Release */,
			);
			defaultConfigurationIsVisible = 0;
			defaultConfigurationName = Release;
		};
		D0859F572BD07CB2005021F9 /* Build configuration list for PBXNativeTarget "Justo RM" */ = {
			isa = XCConfigurationList;
			buildConfigurations = (
				D0859F582BD07CB2005021F9 /* Debug */,
				D0859F592BD07CB2005021F9 /* Release */,
			);
			defaultConfigurationIsVisible = 0;
			defaultConfigurationName = Release;
		};
/* End XCConfigurationList section */
	};
	rootObject = D0859F412BD07CB1005021F9 /* Project object */;
}
